
Microsoft Visual Studio Solution File, Format Version 12.00
# Visual Studio Version 17
VisualStudioVersion = 17.3.32929.385
MinimumVisualStudioVersion = 10.0.40219.1
Project("{9A19103F-16F7-4668-BE54-9A1E7A4F7556}") = "AsyncHistory", "AsyncHistory\AsyncHistory.csproj", "{BC8E4789-264B-4D1B-B319-7E2778F1F521}"
EndProject
Project("{FAE04EC0-301F-11D3-BF4B-00C04F79EFBC}") = "AsyncHistory(framework)", "AsyncHistory(framework)\AsyncHistory(framework).csproj", "{D55365A0-457C-462D-AB00-D0248CDDAF2F}"
EndProject
Project("{9A19103F-16F7-4668-BE54-9A1E7A4F7556}") = "Foundation", "Foundation\Foundation.csproj", "{665F1164-71F6-4FCD-A366-9BA48ABD1AD6}"
EndProject
Project("{9A19103F-16F7-4668-BE54-9A1E7A4F7556}") = "ErrorHandling", "ErrorHandling\ErrorHandling.csproj", "{B694047E-8784-4708-A672-24EDE609C851}"
EndProject
Project("{FAE04EC0-301F-11D3-BF4B-00C04F79EFBC}") = "AsyncOverrideTest", "AsyncOverrideTest\AsyncOverrideTest.csproj", "{60AF5997-A760-41ED-808C-5697194A24AC}"
EndProject
Project("{FAE04EC0-301F-11D3-BF4B-00C04F79EFBC}") = "ThreadTaskInfo", "ThreadTaskInfo\ThreadTaskInfo.csproj", "{E0342181-1F31-4F4F-BB23-30EC884E53A2}"
EndProject
Project("{FAE04EC0-301F-11D3-BF4B-00C04F79EFBC}") = "AsyncWindowsApps", "AsyncWindowsApps\AsyncWindowsApps.csproj", "{5AAF2570-3911-4615-8604-6C0052F2AC0C}"
EndProject
Project("{FAE04EC0-301F-11D3-BF4B-00C04F79EFBC}") = "AsyncWindowsApps1", "AsyncWindowsApps1\AsyncWindowsApps1.csproj", "{CB4F1627-C66F-4B1F-96AB-CE91C605A079}"
EndProject
Global
	GlobalSection(SolutionConfigurationPlatforms) = preSolution
		Debug|Any CPU = Debug|Any CPU
		Debug|ARM = Debug|ARM
		Debug|ARM64 = Debug|ARM64
		Debug|x64 = Debug|x64
		Debug|x86 = Debug|x86
		Release|Any CPU = Release|Any CPU
		Release|ARM = Release|ARM
		Release|ARM64 = Release|ARM64
		Release|x64 = Release|x64
		Release|x86 = Release|x86
	EndGlobalSection
	GlobalSection(ProjectConfigurationPlatforms) = postSolution
		{BC8E4789-264B-4D1B-B319-7E2778F1F521}.Debug|Any CPU.ActiveCfg = Debug|Any CPU
		{BC8E4789-264B-4D1B-B319-7E2778F1F521}.Debug|Any CPU.Build.0 = Debug|Any CPU
		{BC8E4789-264B-4D1B-B319-7E2778F1F521}.Debug|ARM.ActiveCfg = Debug|Any CPU
		{BC8E4789-264B-4D1B-B319-7E2778F1F521}.Debug|ARM.Build.0 = Debug|Any CPU
		{BC8E4789-264B-4D1B-B319-7E2778F1F521}.Debug|ARM64.ActiveCfg = Debug|Any CPU
		{BC8E4789-264B-4D1B-B319-7E2778F1F521}.Debug|ARM64.Build.0 = Debug|Any CPU
		{BC8E4789-264B-4D1B-B319-7E2778F1F521}.Debug|x64.ActiveCfg = Debug|Any CPU
		{BC8E4789-264B-4D1B-B319-7E2778F1F521}.Debug|x64.Build.0 = Debug|Any CPU
		{BC8E4789-264B-4D1B-B319-7E2778F1F521}.Debug|x86.ActiveCfg = Debug|Any CPU
		{BC8E4789-264B-4D1B-B319-7E2778F1F521}.Debug|x86.Build.0 = Debug|Any CPU
		{BC8E4789-264B-4D1B-B319-7E2778F1F521}.Release|Any CPU.ActiveCfg = Release|Any CPU
		{BC8E4789-264B-4D1B-B319-7E2778F1F521}.Release|Any CPU.Build.0 = Release|Any CPU
		{BC8E4789-264B-4D1B-B319-7E2778F1F521}.Release|ARM.ActiveCfg = Release|Any CPU
		{BC8E4789-264B-4D1B-B319-7E2778F1F521}.Release|ARM.Build.0 = Release|Any CPU
		{BC8E4789-264B-4D1B-B319-7E2778F1F521}.Release|ARM64.ActiveCfg = Release|Any CPU
		{BC8E4789-264B-4D1B-B319-7E2778F1F521}.Release|ARM64.Build.0 = Release|Any CPU
		{BC8E4789-264B-4D1B-B319-7E2778F1F521}.Release|x64.ActiveCfg = Release|Any CPU
		{BC8E4789-264B-4D1B-B319-7E2778F1F521}.Release|x64.Build.0 = Release|Any CPU
		{BC8E4789-264B-4D1B-B319-7E2778F1F521}.Release|x86.ActiveCfg = Release|Any CPU
		{BC8E4789-264B-4D1B-B319-7E2778F1F521}.Release|x86.Build.0 = Release|Any CPU
		{D55365A0-457C-462D-AB00-D0248CDDAF2F}.Debug|Any CPU.ActiveCfg = Debug|Any CPU
		{D55365A0-457C-462D-AB00-D0248CDDAF2F}.Debug|Any CPU.Build.0 = Debug|Any CPU
		{D55365A0-457C-462D-AB00-D0248CDDAF2F}.Debug|ARM.ActiveCfg = Debug|Any CPU
		{D55365A0-457C-462D-AB00-D0248CDDAF2F}.Debug|ARM.Build.0 = Debug|Any CPU
		{D55365A0-457C-462D-AB00-D0248CDDAF2F}.Debug|ARM64.ActiveCfg = Debug|Any CPU
		{D55365A0-457C-462D-AB00-D0248CDDAF2F}.Debug|ARM64.Build.0 = Debug|Any CPU
		{D55365A0-457C-462D-AB00-D0248CDDAF2F}.Debug|x64.ActiveCfg = Debug|Any CPU
		{D55365A0-457C-462D-AB00-D0248CDDAF2F}.Debug|x64.Build.0 = Debug|Any CPU
		{D55365A0-457C-462D-AB00-D0248CDDAF2F}.Debug|x86.ActiveCfg = Debug|Any CPU
		{D55365A0-457C-462D-AB00-D0248CDDAF2F}.Debug|x86.Build.0 = Debug|Any CPU
		{D55365A0-457C-462D-AB00-D0248CDDAF2F}.Release|Any CPU.ActiveCfg = Release|Any CPU
		{D55365A0-457C-462D-AB00-D0248CDDAF2F}.Release|Any CPU.Build.0 = Release|Any CPU
		{D55365A0-457C-462D-AB00-D0248CDDAF2F}.Release|ARM.ActiveCfg = Release|Any CPU
		{D55365A0-457C-462D-AB00-D0248CDDAF2F}.Release|ARM.Build.0 = Release|Any CPU
		{D55365A0-457C-462D-AB00-D0248CDDAF2F}.Release|ARM64.ActiveCfg = Release|Any CPU
		{D55365A0-457C-462D-AB00-D0248CDDAF2F}.Release|ARM64.Build.0 = Release|Any CPU
		{D55365A0-457C-462D-AB00-D0248CDDAF2F}.Release|x64.ActiveCfg = Release|Any CPU
		{D55365A0-457C-462D-AB00-D0248CDDAF2F}.Release|x64.Build.0 = Release|Any CPU
		{D55365A0-457C-462D-AB00-D0248CDDAF2F}.Release|x86.ActiveCfg = Release|Any CPU
		{D55365A0-457C-462D-AB00-D0248CDDAF2F}.Release|x86.Build.0 = Release|Any CPU
		{665F1164-71F6-4FCD-A366-9BA48ABD1AD6}.Debug|Any CPU.ActiveCfg = Debug|Any CPU
		{665F1164-71F6-4FCD-A366-9BA48ABD1AD6}.Debug|Any CPU.Build.0 = Debug|Any CPU
		{665F1164-71F6-4FCD-A366-9BA48ABD1AD6}.Debug|ARM.ActiveCfg = Debug|Any CPU
		{665F1164-71F6-4FCD-A366-9BA48ABD1AD6}.Debug|ARM.Build.0 = Debug|Any CPU
		{665F1164-71F6-4FCD-A366-9BA48ABD1AD6}.Debug|ARM64.ActiveCfg = Debug|Any CPU
		{665F1164-71F6-4FCD-A366-9BA48ABD1AD6}.Debug|ARM64.Build.0 = Debug|Any CPU
		{665F1164-71F6-4FCD-A366-9BA48ABD1AD6}.Debug|x64.ActiveCfg = Debug|Any CPU
		{665F1164-71F6-4FCD-A366-9BA48ABD1AD6}.Debug|x64.Build.0 = Debug|Any CPU
		{665F1164-71F6-4FCD-A366-9BA48ABD1AD6}.Debug|x86.ActiveCfg = Debug|Any CPU
		{665F1164-71F6-4FCD-A366-9BA48ABD1AD6}.Debug|x86.Build.0 = Debug|Any CPU
		{665F1164-71F6-4FCD-A366-9BA48ABD1AD6}.Release|Any CPU.ActiveCfg = Release|Any CPU
		{665F1164-71F6-4FCD-A366-9BA48ABD1AD6}.Release|Any CPU.Build.0 = Release|Any CPU
		{665F1164-71F6-4FCD-A366-9BA48ABD1AD6}.Release|ARM.ActiveCfg = Release|Any CPU
		{665F1164-71F6-4FCD-A366-9BA48ABD1AD6}.Release|ARM.Build.0 = Release|Any CPU
		{665F1164-71F6-4FCD-A366-9BA48ABD1AD6}.Release|ARM64.ActiveCfg = Release|Any CPU
		{665F1164-71F6-4FCD-A366-9BA48ABD1AD6}.Release|ARM64.Build.0 = Release|Any CPU
		{665F1164-71F6-4FCD-A366-9BA48ABD1AD6}.Release|x64.ActiveCfg = Release|Any CPU
		{665F1164-71F6-4FCD-A366-9BA48ABD1AD6}.Release|x64.Build.0 = Release|Any CPU
		{665F1164-71F6-4FCD-A366-9BA48ABD1AD6}.Release|x86.ActiveCfg = Release|Any CPU
		{665F1164-71F6-4FCD-A366-9BA48ABD1AD6}.Release|x86.Build.0 = Release|Any CPU
		{B694047E-8784-4708-A672-24EDE609C851}.Debug|Any CPU.ActiveCfg = Debug|Any CPU
		{B694047E-8784-4708-A672-24EDE609C851}.Debug|Any CPU.Build.0 = Debug|Any CPU
		{B694047E-8784-4708-A672-24EDE609C851}.Debug|ARM.ActiveCfg = Debug|Any CPU
		{B694047E-8784-4708-A672-24EDE609C851}.Debug|ARM.Build.0 = Debug|Any CPU
		{B694047E-8784-4708-A672-24EDE609C851}.Debug|ARM64.ActiveCfg = Debug|Any CPU
		{B694047E-8784-4708-A672-24EDE609C851}.Debug|ARM64.Build.0 = Debug|Any CPU
		{B694047E-8784-4708-A672-24EDE609C851}.Debug|x64.ActiveCfg = Debug|Any CPU
		{B694047E-8784-4708-A672-24EDE609C851}.Debug|x64.Build.0 = Debug|Any CPU
		{B694047E-8784-4708-A672-24EDE609C851}.Debug|x86.ActiveCfg = Debug|Any CPU
		{B694047E-8784-4708-A672-24EDE609C851}.Debug|x86.Build.0 = Debug|Any CPU
		{B694047E-8784-4708-A672-24EDE609C851}.Release|Any CPU.ActiveCfg = Release|Any CPU
		{B694047E-8784-4708-A672-24EDE609C851}.Release|Any CPU.Build.0 = Release|Any CPU
		{B694047E-8784-4708-A672-24EDE609C851}.Release|ARM.ActiveCfg = Release|Any CPU
		{B694047E-8784-4708-A672-24EDE609C851}.Release|ARM.Build.0 = Release|Any CPU
		{B694047E-8784-4708-A672-24EDE609C851}.Release|ARM64.ActiveCfg = Release|Any CPU
		{B694047E-8784-4708-A672-24EDE609C851}.Release|ARM64.Build.0 = Release|Any CPU
		{B694047E-8784-4708-A672-24EDE609C851}.Release|x64.ActiveCfg = Release|Any CPU
		{B694047E-8784-4708-A672-24EDE609C851}.Release|x64.Build.0 = Release|Any CPU
		{B694047E-8784-4708-A672-24EDE609C851}.Release|x86.ActiveCfg = Release|Any CPU
		{B694047E-8784-4708-A672-24EDE609C851}.Release|x86.Build.0 = Release|Any CPU
		{60AF5997-A760-41ED-808C-5697194A24AC}.Debug|Any CPU.ActiveCfg = Debug|Any CPU
		{60AF5997-A760-41ED-808C-5697194A24AC}.Debug|Any CPU.Build.0 = Debug|Any CPU
		{60AF5997-A760-41ED-808C-5697194A24AC}.Debug|ARM.ActiveCfg = Debug|Any CPU
		{60AF5997-A760-41ED-808C-5697194A24AC}.Debug|ARM.Build.0 = Debug|Any CPU
		{60AF5997-A760-41ED-808C-5697194A24AC}.Debug|ARM64.ActiveCfg = Debug|Any CPU
		{60AF5997-A760-41ED-808C-5697194A24AC}.Debug|ARM64.Build.0 = Debug|Any CPU
		{60AF5997-A760-41ED-808C-5697194A24AC}.Debug|x64.ActiveCfg = Debug|Any CPU
		{60AF5997-A760-41ED-808C-5697194A24AC}.Debug|x64.Build.0 = Debug|Any CPU
		{60AF5997-A760-41ED-808C-5697194A24AC}.Debug|x86.ActiveCfg = Debug|Any CPU
		{60AF5997-A760-41ED-808C-5697194A24AC}.Debug|x86.Build.0 = Debug|Any CPU
		{60AF5997-A760-41ED-808C-5697194A24AC}.Release|Any CPU.ActiveCfg = Release|Any CPU
		{60AF5997-A760-41ED-808C-5697194A24AC}.Release|Any CPU.Build.0 = Release|Any CPU
		{60AF5997-A760-41ED-808C-5697194A24AC}.Release|ARM.ActiveCfg = Release|Any CPU
		{60AF5997-A760-41ED-808C-5697194A24AC}.Release|ARM.Build.0 = Release|Any CPU
		{60AF5997-A760-41ED-808C-5697194A24AC}.Release|ARM64.ActiveCfg = Release|Any CPU
		{60AF5997-A760-41ED-808C-5697194A24AC}.Release|ARM64.Build.0 = Release|Any CPU
		{60AF5997-A760-41ED-808C-5697194A24AC}.Release|x64.ActiveCfg = Release|Any CPU
		{60AF5997-A760-41ED-808C-5697194A24AC}.Release|x64.Build.0 = Release|Any CPU
		{60AF5997-A760-41ED-808C-5697194A24AC}.Release|x86.ActiveCfg = Release|Any CPU
		{60AF5997-A760-41ED-808C-5697194A24AC}.Release|x86.Build.0 = Release|Any CPU
		{E0342181-1F31-4F4F-BB23-30EC884E53A2}.Debug|Any CPU.ActiveCfg = Debug|Any CPU
		{E0342181-1F31-4F4F-BB23-30EC884E53A2}.Debug|Any CPU.Build.0 = Debug|Any CPU
		{E0342181-1F31-4F4F-BB23-30EC884E53A2}.Debug|ARM.ActiveCfg = Debug|Any CPU
		{E0342181-1F31-4F4F-BB23-30EC884E53A2}.Debug|ARM.Build.0 = Debug|Any CPU
		{E0342181-1F31-4F4F-BB23-30EC884E53A2}.Debug|ARM64.ActiveCfg = Debug|Any CPU
		{E0342181-1F31-4F4F-BB23-30EC884E53A2}.Debug|ARM64.Build.0 = Debug|Any CPU
		{E0342181-1F31-4F4F-BB23-30EC884E53A2}.Debug|x64.ActiveCfg = Debug|Any CPU
		{E0342181-1F31-4F4F-BB23-30EC884E53A2}.Debug|x64.Build.0 = Debug|Any CPU
		{E0342181-1F31-4F4F-BB23-30EC884E53A2}.Debug|x86.ActiveCfg = Debug|Any CPU
		{E0342181-1F31-4F4F-BB23-30EC884E53A2}.Debug|x86.Build.0 = Debug|Any CPU
		{E0342181-1F31-4F4F-BB23-30EC884E53A2}.Release|Any CPU.ActiveCfg = Release|Any CPU
		{E0342181-1F31-4F4F-BB23-30EC884E53A2}.Release|Any CPU.Build.0 = Release|Any CPU
		{E0342181-1F31-4F4F-BB23-30EC884E53A2}.Release|ARM.ActiveCfg = Release|Any CPU
		{E0342181-1F31-4F4F-BB23-30EC884E53A2}.Release|ARM.Build.0 = Release|Any CPU
		{E0342181-1F31-4F4F-BB23-30EC884E53A2}.Release|ARM64.ActiveCfg = Release|Any CPU
		{E0342181-1F31-4F4F-BB23-30EC884E53A2}.Release|ARM64.Build.0 = Release|Any CPU
		{E0342181-1F31-4F4F-BB23-30EC884E53A2}.Release|x64.ActiveCfg = Release|Any CPU
		{E0342181-1F31-4F4F-BB23-30EC884E53A2}.Release|x64.Build.0 = Release|Any CPU
		{E0342181-1F31-4F4F-BB23-30EC884E53A2}.Release|x86.ActiveCfg = Release|Any CPU
		{E0342181-1F31-4F4F-BB23-30EC884E53A2}.Release|x86.Build.0 = Release|Any CPU
		{5AAF2570-3911-4615-8604-6C0052F2AC0C}.Debug|Any CPU.ActiveCfg = Debug|x64
		{5AAF2570-3911-4615-8604-6C0052F2AC0C}.Debug|Any CPU.Build.0 = Debug|x64
		{5AAF2570-3911-4615-8604-6C0052F2AC0C}.Debug|Any CPU.Deploy.0 = Debug|x64
		{5AAF2570-3911-4615-8604-6C0052F2AC0C}.Debug|ARM.ActiveCfg = Debug|ARM
		{5AAF2570-3911-4615-8604-6C0052F2AC0C}.Debug|ARM.Build.0 = Debug|ARM
		{5AAF2570-3911-4615-8604-6C0052F2AC0C}.Debug|ARM.Deploy.0 = Debug|ARM
		{5AAF2570-3911-4615-8604-6C0052F2AC0C}.Debug|ARM64.ActiveCfg = Debug|ARM64
		{5AAF2570-3911-4615-8604-6C0052F2AC0C}.Debug|ARM64.Build.0 = Debug|ARM64
		{5AAF2570-3911-4615-8604-6C0052F2AC0C}.Debug|ARM64.Deploy.0 = Debug|ARM64
		{5AAF2570-3911-4615-8604-6C0052F2AC0C}.Debug|x64.ActiveCfg = Debug|x64
		{5AAF2570-3911-4615-8604-6C0052F2AC0C}.Debug|x64.Build.0 = Debug|x64
		{5AAF2570-3911-4615-8604-6C0052F2AC0C}.Debug|x64.Deploy.0 = Debug|x64
		{5AAF2570-3911-4615-8604-6C0052F2AC0C}.Debug|x86.ActiveCfg = Debug|x86
		{5AAF2570-3911-4615-8604-6C0052F2AC0C}.Debug|x86.Build.0 = Debug|x86
		{5AAF2570-3911-4615-8604-6C0052F2AC0C}.Debug|x86.Deploy.0 = Debug|x86
		{5AAF2570-3911-4615-8604-6C0052F2AC0C}.Release|Any CPU.ActiveCfg = Release|x64
		{5AAF2570-3911-4615-8604-6C0052F2AC0C}.Release|Any CPU.Build.0 = Release|x64
		{5AAF2570-3911-4615-8604-6C0052F2AC0C}.Release|Any CPU.Deploy.0 = Release|x64
		{5AAF2570-3911-4615-8604-6C0052F2AC0C}.Release|ARM.ActiveCfg = Release|ARM
		{5AAF2570-3911-4615-8604-6C0052F2AC0C}.Release|ARM.Build.0 = Release|ARM
		{5AAF2570-3911-4615-8604-6C0052F2AC0C}.Release|ARM.Deploy.0 = Release|ARM
		{5AAF2570-3911-4615-8604-6C0052F2AC0C}.Release|ARM64.ActiveCfg = Release|ARM64
		{5AAF2570-3911-4615-8604-6C0052F2AC0C}.Release|ARM64.Build.0 = Release|ARM64
		{5AAF2570-3911-4615-8604-6C0052F2AC0C}.Release|ARM64.Deploy.0 = Release|ARM64
		{5AAF2570-3911-4615-8604-6C0052F2AC0C}.Release|x64.ActiveCfg = Release|x64
		{5AAF2570-3911-4615-8604-6C0052F2AC0C}.Release|x64.Build.0 = Release|x64
		{5AAF2570-3911-4615-8604-6C0052F2AC0C}.Release|x64.Deploy.0 = Release|x64
		{5AAF2570-3911-4615-8604-6C0052F2AC0C}.Release|x86.ActiveCfg = Release|x86
		{5AAF2570-3911-4615-8604-6C0052F2AC0C}.Release|x86.Build.0 = Release|x86
		{5AAF2570-3911-4615-8604-6C0052F2AC0C}.Release|x86.Deploy.0 = Release|x86
		{CB4F1627-C66F-4B1F-96AB-CE91C605A079}.Debug|Any CPU.ActiveCfg = Debug|x64
		{CB4F1627-C66F-4B1F-96AB-CE91C605A079}.Debug|Any CPU.Build.0 = Debug|x64
		{CB4F1627-C66F-4B1F-96AB-CE91C605A079}.Debug|Any CPU.Deploy.0 = Debug|x64
		{CB4F1627-C66F-4B1F-96AB-CE91C605A079}.Debug|ARM.ActiveCfg = Debug|ARM
		{CB4F1627-C66F-4B1F-96AB-CE91C605A079}.Debug|ARM.Build.0 = Debug|ARM
		{CB4F1627-C66F-4B1F-96AB-CE91C605A079}.Debug|ARM.Deploy.0 = Debug|ARM
		{CB4F1627-C66F-4B1F-96AB-CE91C605A079}.Debug|ARM64.ActiveCfg = Debug|ARM64
		{CB4F1627-C66F-4B1F-96AB-CE91C605A079}.Debug|ARM64.Build.0 = Debug|ARM64
		{CB4F1627-C66F-4B1F-96AB-CE91C605A079}.Debug|ARM64.Deploy.0 = Debug|ARM64
		{CB4F1627-C66F-4B1F-96AB-CE91C605A079}.Debug|x64.ActiveCfg = Debug|x64
		{CB4F1627-C66F-4B1F-96AB-CE91C605A079}.Debug|x64.Build.0 = Debug|x64
		{CB4F1627-C66F-4B1F-96AB-CE91C605A079}.Debug|x64.Deploy.0 = Debug|x64
		{CB4F1627-C66F-4B1F-96AB-CE91C605A079}.Debug|x86.ActiveCfg = Debug|x86
		{CB4F1627-C66F-4B1F-96AB-CE91C605A079}.Debug|x86.Build.0 = Debug|x86
		{CB4F1627-C66F-4B1F-96AB-CE91C605A079}.Debug|x86.Deploy.0 = Debug|x86
		{CB4F1627-C66F-4B1F-96AB-CE91C605A079}.Release|Any CPU.ActiveCfg = Release|x64
		{CB4F1627-C66F-4B1F-96AB-CE91C605A079}.Release|Any CPU.Build.0 = Release|x64
		{CB4F1627-C66F-4B1F-96AB-CE91C605A079}.Release|Any CPU.Deploy.0 = Release|x64
		{CB4F1627-C66F-4B1F-96AB-CE91C605A079}.Release|ARM.ActiveCfg = Release|ARM
		{CB4F1627-C66F-4B1F-96AB-CE91C605A079}.Release|ARM.Build.0 = Release|ARM
		{CB4F1627-C66F-4B1F-96AB-CE91C605A079}.Release|ARM.Deploy.0 = Release|ARM
		{CB4F1627-C66F-4B1F-96AB-CE91C605A079}.Release|ARM64.ActiveCfg = Release|ARM64
		{CB4F1627-C66F-4B1F-96AB-CE91C605A079}.Release|ARM64.Build.0 = Release|ARM64
		{CB4F1627-C66F-4B1F-96AB-CE91C605A079}.Release|ARM64.Deploy.0 = Release|ARM64
		{CB4F1627-C66F-4B1F-96AB-CE91C605A079}.Release|x64.ActiveCfg = Release|x64
		{CB4F1627-C66F-4B1F-96AB-CE91C605A079}.Release|x64.Build.0 = Release|x64
		{CB4F1627-C66F-4B1F-96AB-CE91C605A079}.Release|x64.Deploy.0 = Release|x64
		{CB4F1627-C66F-4B1F-96AB-CE91C605A079}.Release|x86.ActiveCfg = Release|x86
		{CB4F1627-C66F-4B1F-96AB-CE91C605A079}.Release|x86.Build.0 = Release|x86
		{CB4F1627-C66F-4B1F-96AB-CE91C605A079}.Release|x86.Deploy.0 = Release|x86
	EndGlobalSection
	GlobalSection(SolutionProperties) = preSolution
		HideSolutionNode = FALSE
	EndGlobalSection
	GlobalSection(ExtensibilityGlobals) = postSolution
		SolutionGuid = {6F4A2EA7-AFE2-4CE2-98CD-38A1E6306EBC}
	EndGlobalSection
EndGlobal
