
Microsoft Visual Studio Solution File, Format Version 12.00
# Visual Studio Version 17
VisualStudioVersion = 17.3.32929.385
MinimumVisualStudioVersion = 10.0.40219.1
Project("{9A19103F-16F7-4668-BE54-9A1E7A4F7556}") = "ConnectionSamples", "ConnectionSamples\ConnectionSamples.csproj", "{A8AC2F02-8DA5-4510-9193-8210612D15A2}"
EndProject
Project("{FAE04EC0-301F-11D3-BF4B-00C04F79EFBC}") = "SystemTransactionSample", "SystemTransactionSample\SystemTransactionSample.csproj", "{6641A7BA-F41E-457E-A50D-8C5D3431E96A}"
EndProject
Global
	GlobalSection(SolutionConfigurationPlatforms) = preSolution
		Debug|Any CPU = Debug|Any CPU
		Release|Any CPU = Release|Any CPU
	EndGlobalSection
	GlobalSection(ProjectConfigurationPlatforms) = postSolution
		{A8AC2F02-8DA5-4510-9193-8210612D15A2}.Debug|Any CPU.ActiveCfg = Debug|Any CPU
		{A8AC2F02-8DA5-4510-9193-8210612D15A2}.Debug|Any CPU.Build.0 = Debug|Any CPU
		{A8AC2F02-8DA5-4510-9193-8210612D15A2}.Release|Any CPU.ActiveCfg = Release|Any CPU
		{A8AC2F02-8DA5-4510-9193-8210612D15A2}.Release|Any CPU.Build.0 = Release|Any CPU
		{6641A7BA-F41E-457E-A50D-8C5D3431E96A}.Debug|Any CPU.ActiveCfg = Debug|Any CPU
		{6641A7BA-F41E-457E-A50D-8C5D3431E96A}.Debug|Any CPU.Build.0 = Debug|Any CPU
		{6641A7BA-F41E-457E-A50D-8C5D3431E96A}.Release|Any CPU.ActiveCfg = Release|Any CPU
		{6641A7BA-F41E-457E-A50D-8C5D3431E96A}.Release|Any CPU.Build.0 = Release|Any CPU
	EndGlobalSection
	GlobalSection(SolutionProperties) = preSolution
		HideSolutionNode = FALSE
	EndGlobalSection
	GlobalSection(ExtensibilityGlobals) = postSolution
		SolutionGuid = {51A9402A-28AF-4327-94DC-2873FE17CF4C}
	EndGlobalSection
EndGlobal
