
Microsoft Visual Studio Solution File, Format Version 12.00
# Visual Studio Version 17
VisualStudioVersion = 17.3.32929.385
MinimumVisualStudioVersion = 10.0.40219.1
Project("{FAE04EC0-301F-11D3-BF4B-00C04F79EFBC}") = "ReflectionLib", "ReflectionLib\ReflectionLib.csproj", "{758A0194-2948-4BE9-B6AD-7A9D8C6B3F5A}"
EndProject
Global
	GlobalSection(SolutionConfigurationPlatforms) = preSolution
		Debug|Any CPU = Debug|Any CPU
		Release|Any CPU = Release|Any CPU
	EndGlobalSection
	GlobalSection(ProjectConfigurationPlatforms) = postSolution
		{758A0194-2948-4BE9-B6AD-7A9D8C6B3F5A}.Debug|Any CPU.ActiveCfg = Debug|Any CPU
		{758A0194-2948-4BE9-B6AD-7A9D8C6B3F5A}.Debug|Any CPU.Build.0 = Debug|Any CPU
		{758A0194-2948-4BE9-B6AD-7A9D8C6B3F5A}.Release|Any CPU.ActiveCfg = Release|Any CPU
		{758A0194-2948-4BE9-B6AD-7A9D8C6B3F5A}.Release|Any CPU.Build.0 = Release|Any CPU
	EndGlobalSection
	GlobalSection(SolutionProperties) = preSolution
		HideSolutionNode = FALSE
	EndGlobalSection
	GlobalSection(ExtensibilityGlobals) = postSolution
		SolutionGuid = {160FC307-2473-4F7D-83B9-A26124457DA6}
	EndGlobalSection
EndGlobal
