
Microsoft Visual Studio Solution File, Format Version 12.00
# Visual Studio Version 17
VisualStudioVersion = 17.3.32901.215
MinimumVisualStudioVersion = 10.0.40219.1
Project("{9A19103F-16F7-4668-BE54-9A1E7A4F7556}") = "ListTest", "ListTest\ListTest.csproj", "{FD21F3E2-BDE6-4B7B-BEC2-F27FFCB620BA}"
EndProject
Project("{9A19103F-16F7-4668-BE54-9A1E7A4F7556}") = "ReflectionLib", "..\MyLibraries\ReflectionLib\ReflectionLib.csproj", "{150AF70A-28F8-4CCB-ADD5-23BDC9BF1904}"
EndProject
Global
	GlobalSection(SolutionConfigurationPlatforms) = preSolution
		Debug|Any CPU = Debug|Any CPU
		Release|Any CPU = Release|Any CPU
	EndGlobalSection
	GlobalSection(ProjectConfigurationPlatforms) = postSolution
		{FD21F3E2-BDE6-4B7B-BEC2-F27FFCB620BA}.Debug|Any CPU.ActiveCfg = Debug|Any CPU
		{FD21F3E2-BDE6-4B7B-BEC2-F27FFCB620BA}.Debug|Any CPU.Build.0 = Debug|Any CPU
		{FD21F3E2-BDE6-4B7B-BEC2-F27FFCB620BA}.Release|Any CPU.ActiveCfg = Release|Any CPU
		{FD21F3E2-BDE6-4B7B-BEC2-F27FFCB620BA}.Release|Any CPU.Build.0 = Release|Any CPU
		{150AF70A-28F8-4CCB-ADD5-23BDC9BF1904}.Debug|Any CPU.ActiveCfg = Debug|Any CPU
		{150AF70A-28F8-4CCB-ADD5-23BDC9BF1904}.Debug|Any CPU.Build.0 = Debug|Any CPU
		{150AF70A-28F8-4CCB-ADD5-23BDC9BF1904}.Release|Any CPU.ActiveCfg = Release|Any CPU
		{150AF70A-28F8-4CCB-ADD5-23BDC9BF1904}.Release|Any CPU.Build.0 = Release|Any CPU
	EndGlobalSection
	GlobalSection(SolutionProperties) = preSolution
		HideSolutionNode = FALSE
	EndGlobalSection
	GlobalSection(ExtensibilityGlobals) = postSolution
		SolutionGuid = {C6D1D68A-0940-4123-BC00-3A09B05188A6}
	EndGlobalSection
EndGlobal
