
Microsoft Visual Studio Solution File, Format Version 12.00
# Visual Studio Version 17
VisualStudioVersion = 17.3.32929.385
MinimumVisualStudioVersion = 10.0.40219.1
Project("{9A19103F-16F7-4668-BE54-9A1E7A4F7556}") = "WithDIContainer", "WithDIContainer\WithDIContainer.csproj", "{3A7AD5E6-3FB5-499A-9F2D-79D4D6F6A6CD}"
EndProject
Project("{9A19103F-16F7-4668-BE54-9A1E7A4F7556}") = "DISampleLib", "DISampleLib\DISampleLib.csproj", "{3E365CBB-5A48-40FD-8C12-BE963EEDBFFB}"
EndProject
Project("{9A19103F-16F7-4668-BE54-9A1E7A4F7556}") = "WPFClient", "WPFClient\WPFClient.csproj", "{97630BA3-E7AE-4C9A-814F-0618D7F4A0FC}"
EndProject
Project("{FAE04EC0-301F-11D3-BF4B-00C04F79EFBC}") = "UWPClient", "UWPClient\UWPClient.csproj", "{55F3A8E3-06B4-44B4-94B7-084C4C18DDEE}"
EndProject
Project("{FAE04EC0-301F-11D3-BF4B-00C04F79EFBC}") = "AndroidClient", "AndroidClient\AndroidClient.csproj", "{D8C6A5D9-FB56-4A0A-80CD-4676D645253F}"
EndProject
Global
	GlobalSection(SolutionConfigurationPlatforms) = preSolution
		Debug|Any CPU = Debug|Any CPU
		Debug|ARM = Debug|ARM
		Debug|ARM64 = Debug|ARM64
		Debug|x64 = Debug|x64
		Debug|x86 = Debug|x86
		Release|Any CPU = Release|Any CPU
		Release|ARM = Release|ARM
		Release|ARM64 = Release|ARM64
		Release|x64 = Release|x64
		Release|x86 = Release|x86
	EndGlobalSection
	GlobalSection(ProjectConfigurationPlatforms) = postSolution
		{3A7AD5E6-3FB5-499A-9F2D-79D4D6F6A6CD}.Debug|Any CPU.ActiveCfg = Debug|Any CPU
		{3A7AD5E6-3FB5-499A-9F2D-79D4D6F6A6CD}.Debug|Any CPU.Build.0 = Debug|Any CPU
		{3A7AD5E6-3FB5-499A-9F2D-79D4D6F6A6CD}.Debug|ARM.ActiveCfg = Debug|Any CPU
		{3A7AD5E6-3FB5-499A-9F2D-79D4D6F6A6CD}.Debug|ARM.Build.0 = Debug|Any CPU
		{3A7AD5E6-3FB5-499A-9F2D-79D4D6F6A6CD}.Debug|ARM64.ActiveCfg = Debug|Any CPU
		{3A7AD5E6-3FB5-499A-9F2D-79D4D6F6A6CD}.Debug|ARM64.Build.0 = Debug|Any CPU
		{3A7AD5E6-3FB5-499A-9F2D-79D4D6F6A6CD}.Debug|x64.ActiveCfg = Debug|Any CPU
		{3A7AD5E6-3FB5-499A-9F2D-79D4D6F6A6CD}.Debug|x64.Build.0 = Debug|Any CPU
		{3A7AD5E6-3FB5-499A-9F2D-79D4D6F6A6CD}.Debug|x86.ActiveCfg = Debug|Any CPU
		{3A7AD5E6-3FB5-499A-9F2D-79D4D6F6A6CD}.Debug|x86.Build.0 = Debug|Any CPU
		{3A7AD5E6-3FB5-499A-9F2D-79D4D6F6A6CD}.Release|Any CPU.ActiveCfg = Release|Any CPU
		{3A7AD5E6-3FB5-499A-9F2D-79D4D6F6A6CD}.Release|Any CPU.Build.0 = Release|Any CPU
		{3A7AD5E6-3FB5-499A-9F2D-79D4D6F6A6CD}.Release|ARM.ActiveCfg = Release|Any CPU
		{3A7AD5E6-3FB5-499A-9F2D-79D4D6F6A6CD}.Release|ARM.Build.0 = Release|Any CPU
		{3A7AD5E6-3FB5-499A-9F2D-79D4D6F6A6CD}.Release|ARM64.ActiveCfg = Release|Any CPU
		{3A7AD5E6-3FB5-499A-9F2D-79D4D6F6A6CD}.Release|ARM64.Build.0 = Release|Any CPU
		{3A7AD5E6-3FB5-499A-9F2D-79D4D6F6A6CD}.Release|x64.ActiveCfg = Release|Any CPU
		{3A7AD5E6-3FB5-499A-9F2D-79D4D6F6A6CD}.Release|x64.Build.0 = Release|Any CPU
		{3A7AD5E6-3FB5-499A-9F2D-79D4D6F6A6CD}.Release|x86.ActiveCfg = Release|Any CPU
		{3A7AD5E6-3FB5-499A-9F2D-79D4D6F6A6CD}.Release|x86.Build.0 = Release|Any CPU
		{3E365CBB-5A48-40FD-8C12-BE963EEDBFFB}.Debug|Any CPU.ActiveCfg = Debug|Any CPU
		{3E365CBB-5A48-40FD-8C12-BE963EEDBFFB}.Debug|Any CPU.Build.0 = Debug|Any CPU
		{3E365CBB-5A48-40FD-8C12-BE963EEDBFFB}.Debug|ARM.ActiveCfg = Debug|Any CPU
		{3E365CBB-5A48-40FD-8C12-BE963EEDBFFB}.Debug|ARM.Build.0 = Debug|Any CPU
		{3E365CBB-5A48-40FD-8C12-BE963EEDBFFB}.Debug|ARM64.ActiveCfg = Debug|Any CPU
		{3E365CBB-5A48-40FD-8C12-BE963EEDBFFB}.Debug|ARM64.Build.0 = Debug|Any CPU
		{3E365CBB-5A48-40FD-8C12-BE963EEDBFFB}.Debug|x64.ActiveCfg = Debug|Any CPU
		{3E365CBB-5A48-40FD-8C12-BE963EEDBFFB}.Debug|x64.Build.0 = Debug|Any CPU
		{3E365CBB-5A48-40FD-8C12-BE963EEDBFFB}.Debug|x86.ActiveCfg = Debug|Any CPU
		{3E365CBB-5A48-40FD-8C12-BE963EEDBFFB}.Debug|x86.Build.0 = Debug|Any CPU
		{3E365CBB-5A48-40FD-8C12-BE963EEDBFFB}.Release|Any CPU.ActiveCfg = Release|Any CPU
		{3E365CBB-5A48-40FD-8C12-BE963EEDBFFB}.Release|Any CPU.Build.0 = Release|Any CPU
		{3E365CBB-5A48-40FD-8C12-BE963EEDBFFB}.Release|ARM.ActiveCfg = Release|Any CPU
		{3E365CBB-5A48-40FD-8C12-BE963EEDBFFB}.Release|ARM.Build.0 = Release|Any CPU
		{3E365CBB-5A48-40FD-8C12-BE963EEDBFFB}.Release|ARM64.ActiveCfg = Release|Any CPU
		{3E365CBB-5A48-40FD-8C12-BE963EEDBFFB}.Release|ARM64.Build.0 = Release|Any CPU
		{3E365CBB-5A48-40FD-8C12-BE963EEDBFFB}.Release|x64.ActiveCfg = Release|Any CPU
		{3E365CBB-5A48-40FD-8C12-BE963EEDBFFB}.Release|x64.Build.0 = Release|Any CPU
		{3E365CBB-5A48-40FD-8C12-BE963EEDBFFB}.Release|x86.ActiveCfg = Release|Any CPU
		{3E365CBB-5A48-40FD-8C12-BE963EEDBFFB}.Release|x86.Build.0 = Release|Any CPU
		{97630BA3-E7AE-4C9A-814F-0618D7F4A0FC}.Debug|Any CPU.ActiveCfg = Debug|Any CPU
		{97630BA3-E7AE-4C9A-814F-0618D7F4A0FC}.Debug|Any CPU.Build.0 = Debug|Any CPU
		{97630BA3-E7AE-4C9A-814F-0618D7F4A0FC}.Debug|ARM.ActiveCfg = Debug|Any CPU
		{97630BA3-E7AE-4C9A-814F-0618D7F4A0FC}.Debug|ARM.Build.0 = Debug|Any CPU
		{97630BA3-E7AE-4C9A-814F-0618D7F4A0FC}.Debug|ARM64.ActiveCfg = Debug|Any CPU
		{97630BA3-E7AE-4C9A-814F-0618D7F4A0FC}.Debug|ARM64.Build.0 = Debug|Any CPU
		{97630BA3-E7AE-4C9A-814F-0618D7F4A0FC}.Debug|x64.ActiveCfg = Debug|Any CPU
		{97630BA3-E7AE-4C9A-814F-0618D7F4A0FC}.Debug|x64.Build.0 = Debug|Any CPU
		{97630BA3-E7AE-4C9A-814F-0618D7F4A0FC}.Debug|x86.ActiveCfg = Debug|Any CPU
		{97630BA3-E7AE-4C9A-814F-0618D7F4A0FC}.Debug|x86.Build.0 = Debug|Any CPU
		{97630BA3-E7AE-4C9A-814F-0618D7F4A0FC}.Release|Any CPU.ActiveCfg = Release|Any CPU
		{97630BA3-E7AE-4C9A-814F-0618D7F4A0FC}.Release|Any CPU.Build.0 = Release|Any CPU
		{97630BA3-E7AE-4C9A-814F-0618D7F4A0FC}.Release|ARM.ActiveCfg = Release|Any CPU
		{97630BA3-E7AE-4C9A-814F-0618D7F4A0FC}.Release|ARM.Build.0 = Release|Any CPU
		{97630BA3-E7AE-4C9A-814F-0618D7F4A0FC}.Release|ARM64.ActiveCfg = Release|Any CPU
		{97630BA3-E7AE-4C9A-814F-0618D7F4A0FC}.Release|ARM64.Build.0 = Release|Any CPU
		{97630BA3-E7AE-4C9A-814F-0618D7F4A0FC}.Release|x64.ActiveCfg = Release|Any CPU
		{97630BA3-E7AE-4C9A-814F-0618D7F4A0FC}.Release|x64.Build.0 = Release|Any CPU
		{97630BA3-E7AE-4C9A-814F-0618D7F4A0FC}.Release|x86.ActiveCfg = Release|Any CPU
		{97630BA3-E7AE-4C9A-814F-0618D7F4A0FC}.Release|x86.Build.0 = Release|Any CPU
		{55F3A8E3-06B4-44B4-94B7-084C4C18DDEE}.Debug|Any CPU.ActiveCfg = Debug|x64
		{55F3A8E3-06B4-44B4-94B7-084C4C18DDEE}.Debug|Any CPU.Build.0 = Debug|x64
		{55F3A8E3-06B4-44B4-94B7-084C4C18DDEE}.Debug|Any CPU.Deploy.0 = Debug|x64
		{55F3A8E3-06B4-44B4-94B7-084C4C18DDEE}.Debug|ARM.ActiveCfg = Debug|ARM
		{55F3A8E3-06B4-44B4-94B7-084C4C18DDEE}.Debug|ARM.Build.0 = Debug|ARM
		{55F3A8E3-06B4-44B4-94B7-084C4C18DDEE}.Debug|ARM.Deploy.0 = Debug|ARM
		{55F3A8E3-06B4-44B4-94B7-084C4C18DDEE}.Debug|ARM64.ActiveCfg = Debug|ARM64
		{55F3A8E3-06B4-44B4-94B7-084C4C18DDEE}.Debug|ARM64.Build.0 = Debug|ARM64
		{55F3A8E3-06B4-44B4-94B7-084C4C18DDEE}.Debug|ARM64.Deploy.0 = Debug|ARM64
		{55F3A8E3-06B4-44B4-94B7-084C4C18DDEE}.Debug|x64.ActiveCfg = Debug|x64
		{55F3A8E3-06B4-44B4-94B7-084C4C18DDEE}.Debug|x64.Build.0 = Debug|x64
		{55F3A8E3-06B4-44B4-94B7-084C4C18DDEE}.Debug|x64.Deploy.0 = Debug|x64
		{55F3A8E3-06B4-44B4-94B7-084C4C18DDEE}.Debug|x86.ActiveCfg = Debug|x86
		{55F3A8E3-06B4-44B4-94B7-084C4C18DDEE}.Debug|x86.Build.0 = Debug|x86
		{55F3A8E3-06B4-44B4-94B7-084C4C18DDEE}.Debug|x86.Deploy.0 = Debug|x86
		{55F3A8E3-06B4-44B4-94B7-084C4C18DDEE}.Release|Any CPU.ActiveCfg = Release|x64
		{55F3A8E3-06B4-44B4-94B7-084C4C18DDEE}.Release|Any CPU.Build.0 = Release|x64
		{55F3A8E3-06B4-44B4-94B7-084C4C18DDEE}.Release|Any CPU.Deploy.0 = Release|x64
		{55F3A8E3-06B4-44B4-94B7-084C4C18DDEE}.Release|ARM.ActiveCfg = Release|ARM
		{55F3A8E3-06B4-44B4-94B7-084C4C18DDEE}.Release|ARM.Build.0 = Release|ARM
		{55F3A8E3-06B4-44B4-94B7-084C4C18DDEE}.Release|ARM.Deploy.0 = Release|ARM
		{55F3A8E3-06B4-44B4-94B7-084C4C18DDEE}.Release|ARM64.ActiveCfg = Release|ARM64
		{55F3A8E3-06B4-44B4-94B7-084C4C18DDEE}.Release|ARM64.Build.0 = Release|ARM64
		{55F3A8E3-06B4-44B4-94B7-084C4C18DDEE}.Release|ARM64.Deploy.0 = Release|ARM64
		{55F3A8E3-06B4-44B4-94B7-084C4C18DDEE}.Release|x64.ActiveCfg = Release|x64
		{55F3A8E3-06B4-44B4-94B7-084C4C18DDEE}.Release|x64.Build.0 = Release|x64
		{55F3A8E3-06B4-44B4-94B7-084C4C18DDEE}.Release|x64.Deploy.0 = Release|x64
		{55F3A8E3-06B4-44B4-94B7-084C4C18DDEE}.Release|x86.ActiveCfg = Release|x86
		{55F3A8E3-06B4-44B4-94B7-084C4C18DDEE}.Release|x86.Build.0 = Release|x86
		{55F3A8E3-06B4-44B4-94B7-084C4C18DDEE}.Release|x86.Deploy.0 = Release|x86
		{D8C6A5D9-FB56-4A0A-80CD-4676D645253F}.Debug|Any CPU.ActiveCfg = Debug|Any CPU
		{D8C6A5D9-FB56-4A0A-80CD-4676D645253F}.Debug|Any CPU.Build.0 = Debug|Any CPU
		{D8C6A5D9-FB56-4A0A-80CD-4676D645253F}.Debug|Any CPU.Deploy.0 = Debug|Any CPU
		{D8C6A5D9-FB56-4A0A-80CD-4676D645253F}.Debug|ARM.ActiveCfg = Debug|Any CPU
		{D8C6A5D9-FB56-4A0A-80CD-4676D645253F}.Debug|ARM.Build.0 = Debug|Any CPU
		{D8C6A5D9-FB56-4A0A-80CD-4676D645253F}.Debug|ARM.Deploy.0 = Debug|Any CPU
		{D8C6A5D9-FB56-4A0A-80CD-4676D645253F}.Debug|ARM64.ActiveCfg = Debug|Any CPU
		{D8C6A5D9-FB56-4A0A-80CD-4676D645253F}.Debug|ARM64.Build.0 = Debug|Any CPU
		{D8C6A5D9-FB56-4A0A-80CD-4676D645253F}.Debug|ARM64.Deploy.0 = Debug|Any CPU
		{D8C6A5D9-FB56-4A0A-80CD-4676D645253F}.Debug|x64.ActiveCfg = Debug|Any CPU
		{D8C6A5D9-FB56-4A0A-80CD-4676D645253F}.Debug|x64.Build.0 = Debug|Any CPU
		{D8C6A5D9-FB56-4A0A-80CD-4676D645253F}.Debug|x64.Deploy.0 = Debug|Any CPU
		{D8C6A5D9-FB56-4A0A-80CD-4676D645253F}.Debug|x86.ActiveCfg = Debug|Any CPU
		{D8C6A5D9-FB56-4A0A-80CD-4676D645253F}.Debug|x86.Build.0 = Debug|Any CPU
		{D8C6A5D9-FB56-4A0A-80CD-4676D645253F}.Debug|x86.Deploy.0 = Debug|Any CPU
		{D8C6A5D9-FB56-4A0A-80CD-4676D645253F}.Release|Any CPU.ActiveCfg = Release|Any CPU
		{D8C6A5D9-FB56-4A0A-80CD-4676D645253F}.Release|Any CPU.Build.0 = Release|Any CPU
		{D8C6A5D9-FB56-4A0A-80CD-4676D645253F}.Release|Any CPU.Deploy.0 = Release|Any CPU
		{D8C6A5D9-FB56-4A0A-80CD-4676D645253F}.Release|ARM.ActiveCfg = Release|Any CPU
		{D8C6A5D9-FB56-4A0A-80CD-4676D645253F}.Release|ARM.Build.0 = Release|Any CPU
		{D8C6A5D9-FB56-4A0A-80CD-4676D645253F}.Release|ARM.Deploy.0 = Release|Any CPU
		{D8C6A5D9-FB56-4A0A-80CD-4676D645253F}.Release|ARM64.ActiveCfg = Release|Any CPU
		{D8C6A5D9-FB56-4A0A-80CD-4676D645253F}.Release|ARM64.Build.0 = Release|Any CPU
		{D8C6A5D9-FB56-4A0A-80CD-4676D645253F}.Release|ARM64.Deploy.0 = Release|Any CPU
		{D8C6A5D9-FB56-4A0A-80CD-4676D645253F}.Release|x64.ActiveCfg = Release|Any CPU
		{D8C6A5D9-FB56-4A0A-80CD-4676D645253F}.Release|x64.Build.0 = Release|Any CPU
		{D8C6A5D9-FB56-4A0A-80CD-4676D645253F}.Release|x64.Deploy.0 = Release|Any CPU
		{D8C6A5D9-FB56-4A0A-80CD-4676D645253F}.Release|x86.ActiveCfg = Release|Any CPU
		{D8C6A5D9-FB56-4A0A-80CD-4676D645253F}.Release|x86.Build.0 = Release|Any CPU
		{D8C6A5D9-FB56-4A0A-80CD-4676D645253F}.Release|x86.Deploy.0 = Release|Any CPU
	EndGlobalSection
	GlobalSection(SolutionProperties) = preSolution
		HideSolutionNode = FALSE
	EndGlobalSection
	GlobalSection(ExtensibilityGlobals) = postSolution
		SolutionGuid = {5DE6855A-CC5C-4C26-BFEE-BB1E79A3DBF2}
	EndGlobalSection
EndGlobal
