
Microsoft Visual Studio Solution File, Format Version 12.00
# Visual Studio Version 17
VisualStudioVersion = 17.3.32929.385
MinimumVisualStudioVersion = 10.0.40219.1
Project("{FAE04EC0-301F-11D3-BF4B-00C04F79EFBC}") = "DotnetFrameworkLib", "DotnetFrameworkLib\DotnetFrameworkLib.csproj", "{492576CC-0DC8-4420-8B03-14F49DB21F6C}"
EndProject
Project("{9A19103F-16F7-4668-BE54-9A1E7A4F7556}") = "DotnetStandardLib", "DotnetStandardLib\DotnetStandardLib.csproj", "{E554A260-09D2-4CF4-A24C-A33B544C0A34}"
EndProject
Project("{9A19103F-16F7-4668-BE54-9A1E7A4F7556}") = "DotnetCoreApp", "DotnetCoreApp\DotnetCoreApp.csproj", "{575CEB61-B689-43D6-A163-F91ED3D1F2B3}"
EndProject
Project("{FAE04EC0-301F-11D3-BF4B-00C04F79EFBC}") = "DotnetFrameworkApp", "DotnetFrameworkApp\DotnetFrameworkApp.csproj", "{D0AAA530-B0E5-474F-BB1F-E0EB9D14045D}"
EndProject
Project("{9A19103F-16F7-4668-BE54-9A1E7A4F7556}") = "DotnetCoreAppUsingStandardLib", "DotnetCoreAppUsingStaandardLib\DotnetCoreAppUsingStandardLib.csproj", "{21D44C6F-FF26-4170-B78A-EF6E2B3F2991}"
EndProject
Project("{FAE04EC0-301F-11D3-BF4B-00C04F79EFBC}") = "UniversalApp", "UniversalApp\UniversalApp.csproj", "{CAA9738F-D7B0-459B-B3F8-E07762D76251}"
EndProject
Project("{D954291E-2A0B-460D-934E-DC6B0785DB48}") = "SharedProject", "SharedProject\SharedProject.shproj", "{1D29E2F4-7CC6-42E6-BC58-0856EBB7EB0E}"
EndProject
Project("{FAE04EC0-301F-11D3-BF4B-00C04F79EFBC}") = "ConsoleApp", "ConsoleApp\ConsoleApp.csproj", "{77596881-CF40-4DB5-8574-BA3DF2734AC7}"
EndProject
Global
	GlobalSection(SolutionConfigurationPlatforms) = preSolution
		Debug|Any CPU = Debug|Any CPU
		Debug|ARM = Debug|ARM
		Debug|ARM64 = Debug|ARM64
		Debug|x64 = Debug|x64
		Debug|x86 = Debug|x86
		Release|Any CPU = Release|Any CPU
		Release|ARM = Release|ARM
		Release|ARM64 = Release|ARM64
		Release|x64 = Release|x64
		Release|x86 = Release|x86
	EndGlobalSection
	GlobalSection(ProjectConfigurationPlatforms) = postSolution
		{492576CC-0DC8-4420-8B03-14F49DB21F6C}.Debug|Any CPU.ActiveCfg = Debug|Any CPU
		{492576CC-0DC8-4420-8B03-14F49DB21F6C}.Debug|Any CPU.Build.0 = Debug|Any CPU
		{492576CC-0DC8-4420-8B03-14F49DB21F6C}.Debug|ARM.ActiveCfg = Debug|Any CPU
		{492576CC-0DC8-4420-8B03-14F49DB21F6C}.Debug|ARM.Build.0 = Debug|Any CPU
		{492576CC-0DC8-4420-8B03-14F49DB21F6C}.Debug|ARM64.ActiveCfg = Debug|Any CPU
		{492576CC-0DC8-4420-8B03-14F49DB21F6C}.Debug|ARM64.Build.0 = Debug|Any CPU
		{492576CC-0DC8-4420-8B03-14F49DB21F6C}.Debug|x64.ActiveCfg = Debug|Any CPU
		{492576CC-0DC8-4420-8B03-14F49DB21F6C}.Debug|x64.Build.0 = Debug|Any CPU
		{492576CC-0DC8-4420-8B03-14F49DB21F6C}.Debug|x86.ActiveCfg = Debug|Any CPU
		{492576CC-0DC8-4420-8B03-14F49DB21F6C}.Debug|x86.Build.0 = Debug|Any CPU
		{492576CC-0DC8-4420-8B03-14F49DB21F6C}.Release|Any CPU.ActiveCfg = Release|Any CPU
		{492576CC-0DC8-4420-8B03-14F49DB21F6C}.Release|Any CPU.Build.0 = Release|Any CPU
		{492576CC-0DC8-4420-8B03-14F49DB21F6C}.Release|ARM.ActiveCfg = Release|Any CPU
		{492576CC-0DC8-4420-8B03-14F49DB21F6C}.Release|ARM.Build.0 = Release|Any CPU
		{492576CC-0DC8-4420-8B03-14F49DB21F6C}.Release|ARM64.ActiveCfg = Release|Any CPU
		{492576CC-0DC8-4420-8B03-14F49DB21F6C}.Release|ARM64.Build.0 = Release|Any CPU
		{492576CC-0DC8-4420-8B03-14F49DB21F6C}.Release|x64.ActiveCfg = Release|Any CPU
		{492576CC-0DC8-4420-8B03-14F49DB21F6C}.Release|x64.Build.0 = Release|Any CPU
		{492576CC-0DC8-4420-8B03-14F49DB21F6C}.Release|x86.ActiveCfg = Release|Any CPU
		{492576CC-0DC8-4420-8B03-14F49DB21F6C}.Release|x86.Build.0 = Release|Any CPU
		{E554A260-09D2-4CF4-A24C-A33B544C0A34}.Debug|Any CPU.ActiveCfg = Debug|Any CPU
		{E554A260-09D2-4CF4-A24C-A33B544C0A34}.Debug|Any CPU.Build.0 = Debug|Any CPU
		{E554A260-09D2-4CF4-A24C-A33B544C0A34}.Debug|ARM.ActiveCfg = Debug|Any CPU
		{E554A260-09D2-4CF4-A24C-A33B544C0A34}.Debug|ARM.Build.0 = Debug|Any CPU
		{E554A260-09D2-4CF4-A24C-A33B544C0A34}.Debug|ARM64.ActiveCfg = Debug|Any CPU
		{E554A260-09D2-4CF4-A24C-A33B544C0A34}.Debug|ARM64.Build.0 = Debug|Any CPU
		{E554A260-09D2-4CF4-A24C-A33B544C0A34}.Debug|x64.ActiveCfg = Debug|Any CPU
		{E554A260-09D2-4CF4-A24C-A33B544C0A34}.Debug|x64.Build.0 = Debug|Any CPU
		{E554A260-09D2-4CF4-A24C-A33B544C0A34}.Debug|x86.ActiveCfg = Debug|Any CPU
		{E554A260-09D2-4CF4-A24C-A33B544C0A34}.Debug|x86.Build.0 = Debug|Any CPU
		{E554A260-09D2-4CF4-A24C-A33B544C0A34}.Release|Any CPU.ActiveCfg = Release|Any CPU
		{E554A260-09D2-4CF4-A24C-A33B544C0A34}.Release|Any CPU.Build.0 = Release|Any CPU
		{E554A260-09D2-4CF4-A24C-A33B544C0A34}.Release|ARM.ActiveCfg = Release|Any CPU
		{E554A260-09D2-4CF4-A24C-A33B544C0A34}.Release|ARM.Build.0 = Release|Any CPU
		{E554A260-09D2-4CF4-A24C-A33B544C0A34}.Release|ARM64.ActiveCfg = Release|Any CPU
		{E554A260-09D2-4CF4-A24C-A33B544C0A34}.Release|ARM64.Build.0 = Release|Any CPU
		{E554A260-09D2-4CF4-A24C-A33B544C0A34}.Release|x64.ActiveCfg = Release|Any CPU
		{E554A260-09D2-4CF4-A24C-A33B544C0A34}.Release|x64.Build.0 = Release|Any CPU
		{E554A260-09D2-4CF4-A24C-A33B544C0A34}.Release|x86.ActiveCfg = Release|Any CPU
		{E554A260-09D2-4CF4-A24C-A33B544C0A34}.Release|x86.Build.0 = Release|Any CPU
		{575CEB61-B689-43D6-A163-F91ED3D1F2B3}.Debug|Any CPU.ActiveCfg = Debug|Any CPU
		{575CEB61-B689-43D6-A163-F91ED3D1F2B3}.Debug|Any CPU.Build.0 = Debug|Any CPU
		{575CEB61-B689-43D6-A163-F91ED3D1F2B3}.Debug|ARM.ActiveCfg = Debug|Any CPU
		{575CEB61-B689-43D6-A163-F91ED3D1F2B3}.Debug|ARM.Build.0 = Debug|Any CPU
		{575CEB61-B689-43D6-A163-F91ED3D1F2B3}.Debug|ARM64.ActiveCfg = Debug|Any CPU
		{575CEB61-B689-43D6-A163-F91ED3D1F2B3}.Debug|ARM64.Build.0 = Debug|Any CPU
		{575CEB61-B689-43D6-A163-F91ED3D1F2B3}.Debug|x64.ActiveCfg = Debug|Any CPU
		{575CEB61-B689-43D6-A163-F91ED3D1F2B3}.Debug|x64.Build.0 = Debug|Any CPU
		{575CEB61-B689-43D6-A163-F91ED3D1F2B3}.Debug|x86.ActiveCfg = Debug|Any CPU
		{575CEB61-B689-43D6-A163-F91ED3D1F2B3}.Debug|x86.Build.0 = Debug|Any CPU
		{575CEB61-B689-43D6-A163-F91ED3D1F2B3}.Release|Any CPU.ActiveCfg = Release|Any CPU
		{575CEB61-B689-43D6-A163-F91ED3D1F2B3}.Release|Any CPU.Build.0 = Release|Any CPU
		{575CEB61-B689-43D6-A163-F91ED3D1F2B3}.Release|ARM.ActiveCfg = Release|Any CPU
		{575CEB61-B689-43D6-A163-F91ED3D1F2B3}.Release|ARM.Build.0 = Release|Any CPU
		{575CEB61-B689-43D6-A163-F91ED3D1F2B3}.Release|ARM64.ActiveCfg = Release|Any CPU
		{575CEB61-B689-43D6-A163-F91ED3D1F2B3}.Release|ARM64.Build.0 = Release|Any CPU
		{575CEB61-B689-43D6-A163-F91ED3D1F2B3}.Release|x64.ActiveCfg = Release|Any CPU
		{575CEB61-B689-43D6-A163-F91ED3D1F2B3}.Release|x64.Build.0 = Release|Any CPU
		{575CEB61-B689-43D6-A163-F91ED3D1F2B3}.Release|x86.ActiveCfg = Release|Any CPU
		{575CEB61-B689-43D6-A163-F91ED3D1F2B3}.Release|x86.Build.0 = Release|Any CPU
		{D0AAA530-B0E5-474F-BB1F-E0EB9D14045D}.Debug|Any CPU.ActiveCfg = Debug|Any CPU
		{D0AAA530-B0E5-474F-BB1F-E0EB9D14045D}.Debug|Any CPU.Build.0 = Debug|Any CPU
		{D0AAA530-B0E5-474F-BB1F-E0EB9D14045D}.Debug|ARM.ActiveCfg = Debug|Any CPU
		{D0AAA530-B0E5-474F-BB1F-E0EB9D14045D}.Debug|ARM.Build.0 = Debug|Any CPU
		{D0AAA530-B0E5-474F-BB1F-E0EB9D14045D}.Debug|ARM64.ActiveCfg = Debug|Any CPU
		{D0AAA530-B0E5-474F-BB1F-E0EB9D14045D}.Debug|ARM64.Build.0 = Debug|Any CPU
		{D0AAA530-B0E5-474F-BB1F-E0EB9D14045D}.Debug|x64.ActiveCfg = Debug|Any CPU
		{D0AAA530-B0E5-474F-BB1F-E0EB9D14045D}.Debug|x64.Build.0 = Debug|Any CPU
		{D0AAA530-B0E5-474F-BB1F-E0EB9D14045D}.Debug|x86.ActiveCfg = Debug|Any CPU
		{D0AAA530-B0E5-474F-BB1F-E0EB9D14045D}.Debug|x86.Build.0 = Debug|Any CPU
		{D0AAA530-B0E5-474F-BB1F-E0EB9D14045D}.Release|Any CPU.ActiveCfg = Release|Any CPU
		{D0AAA530-B0E5-474F-BB1F-E0EB9D14045D}.Release|Any CPU.Build.0 = Release|Any CPU
		{D0AAA530-B0E5-474F-BB1F-E0EB9D14045D}.Release|ARM.ActiveCfg = Release|Any CPU
		{D0AAA530-B0E5-474F-BB1F-E0EB9D14045D}.Release|ARM.Build.0 = Release|Any CPU
		{D0AAA530-B0E5-474F-BB1F-E0EB9D14045D}.Release|ARM64.ActiveCfg = Release|Any CPU
		{D0AAA530-B0E5-474F-BB1F-E0EB9D14045D}.Release|ARM64.Build.0 = Release|Any CPU
		{D0AAA530-B0E5-474F-BB1F-E0EB9D14045D}.Release|x64.ActiveCfg = Release|Any CPU
		{D0AAA530-B0E5-474F-BB1F-E0EB9D14045D}.Release|x64.Build.0 = Release|Any CPU
		{D0AAA530-B0E5-474F-BB1F-E0EB9D14045D}.Release|x86.ActiveCfg = Release|Any CPU
		{D0AAA530-B0E5-474F-BB1F-E0EB9D14045D}.Release|x86.Build.0 = Release|Any CPU
		{21D44C6F-FF26-4170-B78A-EF6E2B3F2991}.Debug|Any CPU.ActiveCfg = Debug|Any CPU
		{21D44C6F-FF26-4170-B78A-EF6E2B3F2991}.Debug|Any CPU.Build.0 = Debug|Any CPU
		{21D44C6F-FF26-4170-B78A-EF6E2B3F2991}.Debug|ARM.ActiveCfg = Debug|Any CPU
		{21D44C6F-FF26-4170-B78A-EF6E2B3F2991}.Debug|ARM.Build.0 = Debug|Any CPU
		{21D44C6F-FF26-4170-B78A-EF6E2B3F2991}.Debug|ARM64.ActiveCfg = Debug|Any CPU
		{21D44C6F-FF26-4170-B78A-EF6E2B3F2991}.Debug|ARM64.Build.0 = Debug|Any CPU
		{21D44C6F-FF26-4170-B78A-EF6E2B3F2991}.Debug|x64.ActiveCfg = Debug|Any CPU
		{21D44C6F-FF26-4170-B78A-EF6E2B3F2991}.Debug|x64.Build.0 = Debug|Any CPU
		{21D44C6F-FF26-4170-B78A-EF6E2B3F2991}.Debug|x86.ActiveCfg = Debug|Any CPU
		{21D44C6F-FF26-4170-B78A-EF6E2B3F2991}.Debug|x86.Build.0 = Debug|Any CPU
		{21D44C6F-FF26-4170-B78A-EF6E2B3F2991}.Release|Any CPU.ActiveCfg = Release|Any CPU
		{21D44C6F-FF26-4170-B78A-EF6E2B3F2991}.Release|Any CPU.Build.0 = Release|Any CPU
		{21D44C6F-FF26-4170-B78A-EF6E2B3F2991}.Release|ARM.ActiveCfg = Release|Any CPU
		{21D44C6F-FF26-4170-B78A-EF6E2B3F2991}.Release|ARM.Build.0 = Release|Any CPU
		{21D44C6F-FF26-4170-B78A-EF6E2B3F2991}.Release|ARM64.ActiveCfg = Release|Any CPU
		{21D44C6F-FF26-4170-B78A-EF6E2B3F2991}.Release|ARM64.Build.0 = Release|Any CPU
		{21D44C6F-FF26-4170-B78A-EF6E2B3F2991}.Release|x64.ActiveCfg = Release|Any CPU
		{21D44C6F-FF26-4170-B78A-EF6E2B3F2991}.Release|x64.Build.0 = Release|Any CPU
		{21D44C6F-FF26-4170-B78A-EF6E2B3F2991}.Release|x86.ActiveCfg = Release|Any CPU
		{21D44C6F-FF26-4170-B78A-EF6E2B3F2991}.Release|x86.Build.0 = Release|Any CPU
		{CAA9738F-D7B0-459B-B3F8-E07762D76251}.Debug|Any CPU.ActiveCfg = Debug|x64
		{CAA9738F-D7B0-459B-B3F8-E07762D76251}.Debug|Any CPU.Build.0 = Debug|x64
		{CAA9738F-D7B0-459B-B3F8-E07762D76251}.Debug|Any CPU.Deploy.0 = Debug|x64
		{CAA9738F-D7B0-459B-B3F8-E07762D76251}.Debug|ARM.ActiveCfg = Debug|ARM
		{CAA9738F-D7B0-459B-B3F8-E07762D76251}.Debug|ARM.Build.0 = Debug|ARM
		{CAA9738F-D7B0-459B-B3F8-E07762D76251}.Debug|ARM.Deploy.0 = Debug|ARM
		{CAA9738F-D7B0-459B-B3F8-E07762D76251}.Debug|ARM64.ActiveCfg = Debug|ARM64
		{CAA9738F-D7B0-459B-B3F8-E07762D76251}.Debug|ARM64.Build.0 = Debug|ARM64
		{CAA9738F-D7B0-459B-B3F8-E07762D76251}.Debug|ARM64.Deploy.0 = Debug|ARM64
		{CAA9738F-D7B0-459B-B3F8-E07762D76251}.Debug|x64.ActiveCfg = Debug|x64
		{CAA9738F-D7B0-459B-B3F8-E07762D76251}.Debug|x64.Build.0 = Debug|x64
		{CAA9738F-D7B0-459B-B3F8-E07762D76251}.Debug|x64.Deploy.0 = Debug|x64
		{CAA9738F-D7B0-459B-B3F8-E07762D76251}.Debug|x86.ActiveCfg = Debug|x86
		{CAA9738F-D7B0-459B-B3F8-E07762D76251}.Debug|x86.Build.0 = Debug|x86
		{CAA9738F-D7B0-459B-B3F8-E07762D76251}.Debug|x86.Deploy.0 = Debug|x86
		{CAA9738F-D7B0-459B-B3F8-E07762D76251}.Release|Any CPU.ActiveCfg = Release|x64
		{CAA9738F-D7B0-459B-B3F8-E07762D76251}.Release|Any CPU.Build.0 = Release|x64
		{CAA9738F-D7B0-459B-B3F8-E07762D76251}.Release|Any CPU.Deploy.0 = Release|x64
		{CAA9738F-D7B0-459B-B3F8-E07762D76251}.Release|ARM.ActiveCfg = Release|ARM
		{CAA9738F-D7B0-459B-B3F8-E07762D76251}.Release|ARM.Build.0 = Release|ARM
		{CAA9738F-D7B0-459B-B3F8-E07762D76251}.Release|ARM.Deploy.0 = Release|ARM
		{CAA9738F-D7B0-459B-B3F8-E07762D76251}.Release|ARM64.ActiveCfg = Release|ARM64
		{CAA9738F-D7B0-459B-B3F8-E07762D76251}.Release|ARM64.Build.0 = Release|ARM64
		{CAA9738F-D7B0-459B-B3F8-E07762D76251}.Release|ARM64.Deploy.0 = Release|ARM64
		{CAA9738F-D7B0-459B-B3F8-E07762D76251}.Release|x64.ActiveCfg = Release|x64
		{CAA9738F-D7B0-459B-B3F8-E07762D76251}.Release|x64.Build.0 = Release|x64
		{CAA9738F-D7B0-459B-B3F8-E07762D76251}.Release|x64.Deploy.0 = Release|x64
		{CAA9738F-D7B0-459B-B3F8-E07762D76251}.Release|x86.ActiveCfg = Release|x86
		{CAA9738F-D7B0-459B-B3F8-E07762D76251}.Release|x86.Build.0 = Release|x86
		{CAA9738F-D7B0-459B-B3F8-E07762D76251}.Release|x86.Deploy.0 = Release|x86
		{77596881-CF40-4DB5-8574-BA3DF2734AC7}.Debug|Any CPU.ActiveCfg = Debug|Any CPU
		{77596881-CF40-4DB5-8574-BA3DF2734AC7}.Debug|Any CPU.Build.0 = Debug|Any CPU
		{77596881-CF40-4DB5-8574-BA3DF2734AC7}.Debug|ARM.ActiveCfg = Debug|Any CPU
		{77596881-CF40-4DB5-8574-BA3DF2734AC7}.Debug|ARM.Build.0 = Debug|Any CPU
		{77596881-CF40-4DB5-8574-BA3DF2734AC7}.Debug|ARM64.ActiveCfg = Debug|Any CPU
		{77596881-CF40-4DB5-8574-BA3DF2734AC7}.Debug|ARM64.Build.0 = Debug|Any CPU
		{77596881-CF40-4DB5-8574-BA3DF2734AC7}.Debug|x64.ActiveCfg = Debug|Any CPU
		{77596881-CF40-4DB5-8574-BA3DF2734AC7}.Debug|x64.Build.0 = Debug|Any CPU
		{77596881-CF40-4DB5-8574-BA3DF2734AC7}.Debug|x86.ActiveCfg = Debug|Any CPU
		{77596881-CF40-4DB5-8574-BA3DF2734AC7}.Debug|x86.Build.0 = Debug|Any CPU
		{77596881-CF40-4DB5-8574-BA3DF2734AC7}.Release|Any CPU.ActiveCfg = Release|Any CPU
		{77596881-CF40-4DB5-8574-BA3DF2734AC7}.Release|Any CPU.Build.0 = Release|Any CPU
		{77596881-CF40-4DB5-8574-BA3DF2734AC7}.Release|ARM.ActiveCfg = Release|Any CPU
		{77596881-CF40-4DB5-8574-BA3DF2734AC7}.Release|ARM.Build.0 = Release|Any CPU
		{77596881-CF40-4DB5-8574-BA3DF2734AC7}.Release|ARM64.ActiveCfg = Release|Any CPU
		{77596881-CF40-4DB5-8574-BA3DF2734AC7}.Release|ARM64.Build.0 = Release|Any CPU
		{77596881-CF40-4DB5-8574-BA3DF2734AC7}.Release|x64.ActiveCfg = Release|Any CPU
		{77596881-CF40-4DB5-8574-BA3DF2734AC7}.Release|x64.Build.0 = Release|Any CPU
		{77596881-CF40-4DB5-8574-BA3DF2734AC7}.Release|x86.ActiveCfg = Release|Any CPU
		{77596881-CF40-4DB5-8574-BA3DF2734AC7}.Release|x86.Build.0 = Release|Any CPU
	EndGlobalSection
	GlobalSection(SolutionProperties) = preSolution
		HideSolutionNode = FALSE
	EndGlobalSection
	GlobalSection(ExtensibilityGlobals) = postSolution
		SolutionGuid = {85143687-739F-4483-8161-08C7880C0EBC}
	EndGlobalSection
	GlobalSection(SharedMSBuildProjectFiles) = preSolution
		SharedProject\SharedProject.projitems*{1d29e2f4-7cc6-42e6-bc58-0856ebb7eb0e}*SharedItemsImports = 13
		SharedProject\SharedProject.projitems*{77596881-cf40-4db5-8574-ba3df2734ac7}*SharedItemsImports = 5
		SharedProject\SharedProject.projitems*{caa9738f-d7b0-459b-b3f8-e07762d76251}*SharedItemsImports = 4
	EndGlobalSection
EndGlobal
