
Microsoft Visual Studio Solution File, Format Version 12.00
# Visual Studio Version 17
VisualStudioVersion = 17.3.32929.385
MinimumVisualStudioVersion = 10.0.40219.1
Project("{9A19103F-16F7-4668-BE54-9A1E7A4F7556}") = "WindowsPricipal", "WindowsPricipal\WindowsPricipal.csproj", "{23B75DAA-D683-4202-82EB-FD0789D78AFF}"
EndProject
Project("{9A19103F-16F7-4668-BE54-9A1E7A4F7556}") = "SigningDemo", "SigningDemo\SigningDemo.csproj", "{D0AE7BFB-BCE2-4C11-850B-A88FBBD32714}"
EndProject
Project("{FAE04EC0-301F-11D3-BF4B-00C04F79EFBC}") = "SecureTransfer", "SecureTransfer\SecureTransfer.csproj", "{47CB978F-F465-4FB1-910C-A351DF084498}"
EndProject
Project("{FAE04EC0-301F-11D3-BF4B-00C04F79EFBC}") = "DataProtectionSample", "DataProtectionSample\DataProtectionSample.csproj", "{6DC038CF-4019-46F1-BFEC-DD7C4C88A9AB}"
EndProject
Global
	GlobalSection(SolutionConfigurationPlatforms) = preSolution
		Debug|Any CPU = Debug|Any CPU
		Release|Any CPU = Release|Any CPU
	EndGlobalSection
	GlobalSection(ProjectConfigurationPlatforms) = postSolution
		{23B75DAA-D683-4202-82EB-FD0789D78AFF}.Debug|Any CPU.ActiveCfg = Debug|Any CPU
		{23B75DAA-D683-4202-82EB-FD0789D78AFF}.Debug|Any CPU.Build.0 = Debug|Any CPU
		{23B75DAA-D683-4202-82EB-FD0789D78AFF}.Release|Any CPU.ActiveCfg = Release|Any CPU
		{23B75DAA-D683-4202-82EB-FD0789D78AFF}.Release|Any CPU.Build.0 = Release|Any CPU
		{D0AE7BFB-BCE2-4C11-850B-A88FBBD32714}.Debug|Any CPU.ActiveCfg = Debug|Any CPU
		{D0AE7BFB-BCE2-4C11-850B-A88FBBD32714}.Debug|Any CPU.Build.0 = Debug|Any CPU
		{D0AE7BFB-BCE2-4C11-850B-A88FBBD32714}.Release|Any CPU.ActiveCfg = Release|Any CPU
		{D0AE7BFB-BCE2-4C11-850B-A88FBBD32714}.Release|Any CPU.Build.0 = Release|Any CPU
		{47CB978F-F465-4FB1-910C-A351DF084498}.Debug|Any CPU.ActiveCfg = Debug|Any CPU
		{47CB978F-F465-4FB1-910C-A351DF084498}.Debug|Any CPU.Build.0 = Debug|Any CPU
		{47CB978F-F465-4FB1-910C-A351DF084498}.Release|Any CPU.ActiveCfg = Release|Any CPU
		{47CB978F-F465-4FB1-910C-A351DF084498}.Release|Any CPU.Build.0 = Release|Any CPU
		{6DC038CF-4019-46F1-BFEC-DD7C4C88A9AB}.Debug|Any CPU.ActiveCfg = Debug|Any CPU
		{6DC038CF-4019-46F1-BFEC-DD7C4C88A9AB}.Debug|Any CPU.Build.0 = Debug|Any CPU
		{6DC038CF-4019-46F1-BFEC-DD7C4C88A9AB}.Release|Any CPU.ActiveCfg = Release|Any CPU
		{6DC038CF-4019-46F1-BFEC-DD7C4C88A9AB}.Release|Any CPU.Build.0 = Release|Any CPU
	EndGlobalSection
	GlobalSection(SolutionProperties) = preSolution
		HideSolutionNode = FALSE
	EndGlobalSection
	GlobalSection(ExtensibilityGlobals) = postSolution
		SolutionGuid = {F92FEFAD-6A26-4697-A208-6381F55F4672}
	EndGlobalSection
EndGlobal
