
Microsoft Visual Studio Solution File, Format Version 12.00
# Visual Studio Version 17
VisualStudioVersion = 17.4.33110.190
MinimumVisualStudioVersion = 10.0.40219.1
Project("{FAE04EC0-301F-11D3-BF4B-00C04F79EFBC}") = "App2.Android", "App2\App2.Android\App2.Android.csproj", "{0E5A37A6-44ED-4ED5-B6D6-38805763151F}"
EndProject
Project("{FAE04EC0-301F-11D3-BF4B-00C04F79EFBC}") = "App2.iOS", "App2\App2.iOS\App2.iOS.csproj", "{E67FB660-1668-4B11-A383-CACCD72D6D34}"
EndProject
Project("{FAE04EC0-301F-11D3-BF4B-00C04F79EFBC}") = "App2", "App2\App2\App2.csproj", "{2C182181-D526-42B1-84FB-10F0D0AB62F6}"
EndProject
Global
	GlobalSection(SolutionConfigurationPlatforms) = preSolution
		Debug|Any CPU = Debug|Any CPU
		Debug|iPhone = Debug|iPhone
		Debug|iPhoneSimulator = Debug|iPhoneSimulator
		Release|Any CPU = Release|Any CPU
		Release|iPhone = Release|iPhone
		Release|iPhoneSimulator = Release|iPhoneSimulator
	EndGlobalSection
	GlobalSection(ProjectConfigurationPlatforms) = postSolution
		{0E5A37A6-44ED-4ED5-B6D6-38805763151F}.Debug|Any CPU.ActiveCfg = Debug|Any CPU
		{0E5A37A6-44ED-4ED5-B6D6-38805763151F}.Debug|Any CPU.Build.0 = Debug|Any CPU
		{0E5A37A6-44ED-4ED5-B6D6-38805763151F}.Debug|Any CPU.Deploy.0 = Debug|Any CPU
		{0E5A37A6-44ED-4ED5-B6D6-38805763151F}.Debug|iPhone.ActiveCfg = Debug|Any CPU
		{0E5A37A6-44ED-4ED5-B6D6-38805763151F}.Debug|iPhone.Build.0 = Debug|Any CPU
		{0E5A37A6-44ED-4ED5-B6D6-38805763151F}.Debug|iPhone.Deploy.0 = Debug|Any CPU
		{0E5A37A6-44ED-4ED5-B6D6-38805763151F}.Debug|iPhoneSimulator.ActiveCfg = Debug|Any CPU
		{0E5A37A6-44ED-4ED5-B6D6-38805763151F}.Debug|iPhoneSimulator.Build.0 = Debug|Any CPU
		{0E5A37A6-44ED-4ED5-B6D6-38805763151F}.Debug|iPhoneSimulator.Deploy.0 = Debug|Any CPU
		{0E5A37A6-44ED-4ED5-B6D6-38805763151F}.Release|Any CPU.ActiveCfg = Release|Any CPU
		{0E5A37A6-44ED-4ED5-B6D6-38805763151F}.Release|Any CPU.Build.0 = Release|Any CPU
		{0E5A37A6-44ED-4ED5-B6D6-38805763151F}.Release|Any CPU.Deploy.0 = Release|Any CPU
		{0E5A37A6-44ED-4ED5-B6D6-38805763151F}.Release|iPhone.ActiveCfg = Release|Any CPU
		{0E5A37A6-44ED-4ED5-B6D6-38805763151F}.Release|iPhone.Build.0 = Release|Any CPU
		{0E5A37A6-44ED-4ED5-B6D6-38805763151F}.Release|iPhone.Deploy.0 = Release|Any CPU
		{0E5A37A6-44ED-4ED5-B6D6-38805763151F}.Release|iPhoneSimulator.ActiveCfg = Release|Any CPU
		{0E5A37A6-44ED-4ED5-B6D6-38805763151F}.Release|iPhoneSimulator.Build.0 = Release|Any CPU
		{0E5A37A6-44ED-4ED5-B6D6-38805763151F}.Release|iPhoneSimulator.Deploy.0 = Release|Any CPU
		{E67FB660-1668-4B11-A383-CACCD72D6D34}.Debug|Any CPU.ActiveCfg = Debug|iPhone
		{E67FB660-1668-4B11-A383-CACCD72D6D34}.Debug|Any CPU.Build.0 = Debug|iPhone
		{E67FB660-1668-4B11-A383-CACCD72D6D34}.Debug|Any CPU.Deploy.0 = Debug|iPhone
		{E67FB660-1668-4B11-A383-CACCD72D6D34}.Debug|iPhone.ActiveCfg = Debug|iPhone
		{E67FB660-1668-4B11-A383-CACCD72D6D34}.Debug|iPhone.Build.0 = Debug|iPhone
		{E67FB660-1668-4B11-A383-CACCD72D6D34}.Debug|iPhone.Deploy.0 = Debug|iPhone
		{E67FB660-1668-4B11-A383-CACCD72D6D34}.Debug|iPhoneSimulator.ActiveCfg = Debug|iPhoneSimulator
		{E67FB660-1668-4B11-A383-CACCD72D6D34}.Debug|iPhoneSimulator.Build.0 = Debug|iPhoneSimulator
		{E67FB660-1668-4B11-A383-CACCD72D6D34}.Debug|iPhoneSimulator.Deploy.0 = Debug|iPhoneSimulator
		{E67FB660-1668-4B11-A383-CACCD72D6D34}.Release|Any CPU.ActiveCfg = Release|iPhoneSimulator
		{E67FB660-1668-4B11-A383-CACCD72D6D34}.Release|Any CPU.Build.0 = Release|iPhoneSimulator
		{E67FB660-1668-4B11-A383-CACCD72D6D34}.Release|Any CPU.Deploy.0 = Release|iPhoneSimulator
		{E67FB660-1668-4B11-A383-CACCD72D6D34}.Release|iPhone.ActiveCfg = Release|iPhone
		{E67FB660-1668-4B11-A383-CACCD72D6D34}.Release|iPhone.Build.0 = Release|iPhone
		{E67FB660-1668-4B11-A383-CACCD72D6D34}.Release|iPhone.Deploy.0 = Release|iPhone
		{E67FB660-1668-4B11-A383-CACCD72D6D34}.Release|iPhoneSimulator.ActiveCfg = Release|iPhoneSimulator
		{E67FB660-1668-4B11-A383-CACCD72D6D34}.Release|iPhoneSimulator.Build.0 = Release|iPhoneSimulator
		{E67FB660-1668-4B11-A383-CACCD72D6D34}.Release|iPhoneSimulator.Deploy.0 = Release|iPhoneSimulator
		{2C182181-D526-42B1-84FB-10F0D0AB62F6}.Debug|Any CPU.ActiveCfg = Debug|Any CPU
		{2C182181-D526-42B1-84FB-10F0D0AB62F6}.Debug|Any CPU.Build.0 = Debug|Any CPU
		{2C182181-D526-42B1-84FB-10F0D0AB62F6}.Debug|Any CPU.Deploy.0 = Debug|Any CPU
		{2C182181-D526-42B1-84FB-10F0D0AB62F6}.Debug|iPhone.ActiveCfg = Debug|Any CPU
		{2C182181-D526-42B1-84FB-10F0D0AB62F6}.Debug|iPhone.Build.0 = Debug|Any CPU
		{2C182181-D526-42B1-84FB-10F0D0AB62F6}.Debug|iPhone.Deploy.0 = Debug|Any CPU
		{2C182181-D526-42B1-84FB-10F0D0AB62F6}.Debug|iPhoneSimulator.ActiveCfg = Debug|Any CPU
		{2C182181-D526-42B1-84FB-10F0D0AB62F6}.Debug|iPhoneSimulator.Build.0 = Debug|Any CPU
		{2C182181-D526-42B1-84FB-10F0D0AB62F6}.Debug|iPhoneSimulator.Deploy.0 = Debug|Any CPU
		{2C182181-D526-42B1-84FB-10F0D0AB62F6}.Release|Any CPU.ActiveCfg = Release|Any CPU
		{2C182181-D526-42B1-84FB-10F0D0AB62F6}.Release|Any CPU.Build.0 = Release|Any CPU
		{2C182181-D526-42B1-84FB-10F0D0AB62F6}.Release|Any CPU.Deploy.0 = Release|Any CPU
		{2C182181-D526-42B1-84FB-10F0D0AB62F6}.Release|iPhone.ActiveCfg = Release|Any CPU
		{2C182181-D526-42B1-84FB-10F0D0AB62F6}.Release|iPhone.Build.0 = Release|Any CPU
		{2C182181-D526-42B1-84FB-10F0D0AB62F6}.Release|iPhone.Deploy.0 = Release|Any CPU
		{2C182181-D526-42B1-84FB-10F0D0AB62F6}.Release|iPhoneSimulator.ActiveCfg = Release|Any CPU
		{2C182181-D526-42B1-84FB-10F0D0AB62F6}.Release|iPhoneSimulator.Build.0 = Release|Any CPU
		{2C182181-D526-42B1-84FB-10F0D0AB62F6}.Release|iPhoneSimulator.Deploy.0 = Release|Any CPU
	EndGlobalSection
	GlobalSection(SolutionProperties) = preSolution
		HideSolutionNode = FALSE
	EndGlobalSection
	GlobalSection(ExtensibilityGlobals) = postSolution
		SolutionGuid = {E10A4DEE-2F1D-4EA8-9A61-192535371AC7}
	EndGlobalSection
EndGlobal
