
Microsoft Visual Studio Solution File, Format Version 12.00
# Visual Studio Version 17
VisualStudioVersion = 17.3.32901.215
MinimumVisualStudioVersion = 10.0.40219.1
Project("{9A19103F-16F7-4668-BE54-9A1E7A4F7556}") = "OverflowTest", "OverflowTest\OverflowTest.csproj", "{47860AB5-91B8-47CC-9A2B-3082206A8A30}"
EndProject
Project("{9A19103F-16F7-4668-BE54-9A1E7A4F7556}") = "OperatorTest", "OperatorTest\OperatorTest.csproj", "{1DF9CC9C-9FE9-45C0-B4D1-27748A234DBC}"
EndProject
Project("{FAE04EC0-301F-11D3-BF4B-00C04F79EFBC}") = "IndexerTest", "IndexerTest\IndexerTest.csproj", "{D86CD0C2-B4F0-4D36-858B-DF3AF1E71E14}"
EndProject
Project("{FAE04EC0-301F-11D3-BF4B-00C04F79EFBC}") = "TypeConvertorTest", "TypeConvertorTest\TypeConvertorTest.csproj", "{E49EF480-568C-40C1-9CAA-E34A01947CDF}"
EndProject
Global
	GlobalSection(SolutionConfigurationPlatforms) = preSolution
		Debug|Any CPU = Debug|Any CPU
		Release|Any CPU = Release|Any CPU
	EndGlobalSection
	GlobalSection(ProjectConfigurationPlatforms) = postSolution
		{47860AB5-91B8-47CC-9A2B-3082206A8A30}.Debug|Any CPU.ActiveCfg = Debug|Any CPU
		{47860AB5-91B8-47CC-9A2B-3082206A8A30}.Debug|Any CPU.Build.0 = Debug|Any CPU
		{47860AB5-91B8-47CC-9A2B-3082206A8A30}.Release|Any CPU.ActiveCfg = Release|Any CPU
		{47860AB5-91B8-47CC-9A2B-3082206A8A30}.Release|Any CPU.Build.0 = Release|Any CPU
		{1DF9CC9C-9FE9-45C0-B4D1-27748A234DBC}.Debug|Any CPU.ActiveCfg = Debug|Any CPU
		{1DF9CC9C-9FE9-45C0-B4D1-27748A234DBC}.Debug|Any CPU.Build.0 = Debug|Any CPU
		{1DF9CC9C-9FE9-45C0-B4D1-27748A234DBC}.Release|Any CPU.ActiveCfg = Release|Any CPU
		{1DF9CC9C-9FE9-45C0-B4D1-27748A234DBC}.Release|Any CPU.Build.0 = Release|Any CPU
		{D86CD0C2-B4F0-4D36-858B-DF3AF1E71E14}.Debug|Any CPU.ActiveCfg = Debug|Any CPU
		{D86CD0C2-B4F0-4D36-858B-DF3AF1E71E14}.Debug|Any CPU.Build.0 = Debug|Any CPU
		{D86CD0C2-B4F0-4D36-858B-DF3AF1E71E14}.Release|Any CPU.ActiveCfg = Release|Any CPU
		{D86CD0C2-B4F0-4D36-858B-DF3AF1E71E14}.Release|Any CPU.Build.0 = Release|Any CPU
		{E49EF480-568C-40C1-9CAA-E34A01947CDF}.Debug|Any CPU.ActiveCfg = Debug|Any CPU
		{E49EF480-568C-40C1-9CAA-E34A01947CDF}.Debug|Any CPU.Build.0 = Debug|Any CPU
		{E49EF480-568C-40C1-9CAA-E34A01947CDF}.Release|Any CPU.ActiveCfg = Release|Any CPU
		{E49EF480-568C-40C1-9CAA-E34A01947CDF}.Release|Any CPU.Build.0 = Release|Any CPU
	EndGlobalSection
	GlobalSection(SolutionProperties) = preSolution
		HideSolutionNode = FALSE
	EndGlobalSection
	GlobalSection(ExtensibilityGlobals) = postSolution
		SolutionGuid = {803ED881-81E3-48E3-BE7D-7195E94E1BB1}
	EndGlobalSection
EndGlobal
