
Microsoft Visual Studio Solution File, Format Version 12.00
# Visual Studio Version 17
VisualStudioVersion = 17.3.32929.385
MinimumVisualStudioVersion = 10.0.40219.1
Project("{9A19103F-16F7-4668-BE54-9A1E7A4F7556}") = "ParallelSample", "ParallelSample\ParallelSample.csproj", "{FD14F3B7-7B82-4400-B91D-3698A5547DC1}"
EndProject
Project("{9A19103F-16F7-4668-BE54-9A1E7A4F7556}") = "TashSamples", "TashSamples\TashSamples.csproj", "{3DF04C70-B89F-49E1-B820-3EEFBCF2F2FA}"
EndProject
Project("{9A19103F-16F7-4668-BE54-9A1E7A4F7556}") = "ValuleTaskSample", "ValuleTaskSample\ValuleTaskSample.csproj", "{809D0FA5-09C2-46C8-935F-8B9663BCF028}"
EndProject
Project("{9A19103F-16F7-4668-BE54-9A1E7A4F7556}") = "DataFlowSimple", "DataFlowSimple\DataFlowSimple.csproj", "{77C367C6-9DD8-44D5-ABA1-B84947B77725}"
EndProject
Project("{FAE04EC0-301F-11D3-BF4B-00C04F79EFBC}") = "EventSample", "EventSample\EventSample.csproj", "{F38FB28D-A7BD-4C77-8ECE-48BACD70310F}"
EndProject
Global
	GlobalSection(SolutionConfigurationPlatforms) = preSolution
		Debug|Any CPU = Debug|Any CPU
		Release|Any CPU = Release|Any CPU
	EndGlobalSection
	GlobalSection(ProjectConfigurationPlatforms) = postSolution
		{FD14F3B7-7B82-4400-B91D-3698A5547DC1}.Debug|Any CPU.ActiveCfg = Debug|Any CPU
		{FD14F3B7-7B82-4400-B91D-3698A5547DC1}.Debug|Any CPU.Build.0 = Debug|Any CPU
		{FD14F3B7-7B82-4400-B91D-3698A5547DC1}.Release|Any CPU.ActiveCfg = Release|Any CPU
		{FD14F3B7-7B82-4400-B91D-3698A5547DC1}.Release|Any CPU.Build.0 = Release|Any CPU
		{3DF04C70-B89F-49E1-B820-3EEFBCF2F2FA}.Debug|Any CPU.ActiveCfg = Debug|Any CPU
		{3DF04C70-B89F-49E1-B820-3EEFBCF2F2FA}.Debug|Any CPU.Build.0 = Debug|Any CPU
		{3DF04C70-B89F-49E1-B820-3EEFBCF2F2FA}.Release|Any CPU.ActiveCfg = Release|Any CPU
		{3DF04C70-B89F-49E1-B820-3EEFBCF2F2FA}.Release|Any CPU.Build.0 = Release|Any CPU
		{809D0FA5-09C2-46C8-935F-8B9663BCF028}.Debug|Any CPU.ActiveCfg = Debug|Any CPU
		{809D0FA5-09C2-46C8-935F-8B9663BCF028}.Debug|Any CPU.Build.0 = Debug|Any CPU
		{809D0FA5-09C2-46C8-935F-8B9663BCF028}.Release|Any CPU.ActiveCfg = Release|Any CPU
		{809D0FA5-09C2-46C8-935F-8B9663BCF028}.Release|Any CPU.Build.0 = Release|Any CPU
		{77C367C6-9DD8-44D5-ABA1-B84947B77725}.Debug|Any CPU.ActiveCfg = Debug|Any CPU
		{77C367C6-9DD8-44D5-ABA1-B84947B77725}.Debug|Any CPU.Build.0 = Debug|Any CPU
		{77C367C6-9DD8-44D5-ABA1-B84947B77725}.Release|Any CPU.ActiveCfg = Release|Any CPU
		{77C367C6-9DD8-44D5-ABA1-B84947B77725}.Release|Any CPU.Build.0 = Release|Any CPU
		{F38FB28D-A7BD-4C77-8ECE-48BACD70310F}.Debug|Any CPU.ActiveCfg = Debug|Any CPU
		{F38FB28D-A7BD-4C77-8ECE-48BACD70310F}.Debug|Any CPU.Build.0 = Debug|Any CPU
		{F38FB28D-A7BD-4C77-8ECE-48BACD70310F}.Release|Any CPU.ActiveCfg = Release|Any CPU
		{F38FB28D-A7BD-4C77-8ECE-48BACD70310F}.Release|Any CPU.Build.0 = Release|Any CPU
	EndGlobalSection
	GlobalSection(SolutionProperties) = preSolution
		HideSolutionNode = FALSE
	EndGlobalSection
	GlobalSection(ExtensibilityGlobals) = postSolution
		SolutionGuid = {579309E5-352C-468F-BED3-6F48C6C6B550}
	EndGlobalSection
EndGlobal
