
Microsoft Visual Studio Solution File, Format Version 12.00
# Visual Studio Version 17
VisualStudioVersion = 17.4.33110.190
MinimumVisualStudioVersion = 10.0.40219.1
Project("{9A19103F-16F7-4668-BE54-9A1E7A4F7556}") = "MVCSampleApp", "MVCSampleApp\MVCSampleApp.csproj", "{306D1396-2D94-47BF-9DD8-70B313AE86EF}"
EndProject
Project("{9A19103F-16F7-4668-BE54-9A1E7A4F7556}") = "TagHelperSamles", "TagHelperSamles\TagHelperSamles.csproj", "{A37F3A88-ECAB-4A73-AAA5-4D143C9BA69F}"
EndProject
Project("{9A19103F-16F7-4668-BE54-9A1E7A4F7556}") = "MenuPlanner", "MenuPlanner\MenuPlanner.csproj", "{7008678E-975D-4252-9AAD-DF38DC47FFF5}"
EndProject
Project("{FAE04EC0-301F-11D3-BF4B-00C04F79EFBC}") = "RazorPagesSample", "RazorPagesSample\RazorPagesSample.csproj", "{68A192B6-58AC-4E03-9A71-9E0FDF397F20}"
EndProject
Global
	GlobalSection(SolutionConfigurationPlatforms) = preSolution
		Debug|Any CPU = Debug|Any CPU
		Release|Any CPU = Release|Any CPU
	EndGlobalSection
	GlobalSection(ProjectConfigurationPlatforms) = postSolution
		{306D1396-2D94-47BF-9DD8-70B313AE86EF}.Debug|Any CPU.ActiveCfg = Debug|Any CPU
		{306D1396-2D94-47BF-9DD8-70B313AE86EF}.Debug|Any CPU.Build.0 = Debug|Any CPU
		{306D1396-2D94-47BF-9DD8-70B313AE86EF}.Release|Any CPU.ActiveCfg = Release|Any CPU
		{306D1396-2D94-47BF-9DD8-70B313AE86EF}.Release|Any CPU.Build.0 = Release|Any CPU
		{A37F3A88-ECAB-4A73-AAA5-4D143C9BA69F}.Debug|Any CPU.ActiveCfg = Debug|Any CPU
		{A37F3A88-ECAB-4A73-AAA5-4D143C9BA69F}.Debug|Any CPU.Build.0 = Debug|Any CPU
		{A37F3A88-ECAB-4A73-AAA5-4D143C9BA69F}.Release|Any CPU.ActiveCfg = Release|Any CPU
		{A37F3A88-ECAB-4A73-AAA5-4D143C9BA69F}.Release|Any CPU.Build.0 = Release|Any CPU
		{7008678E-975D-4252-9AAD-DF38DC47FFF5}.Debug|Any CPU.ActiveCfg = Debug|Any CPU
		{7008678E-975D-4252-9AAD-DF38DC47FFF5}.Debug|Any CPU.Build.0 = Debug|Any CPU
		{7008678E-975D-4252-9AAD-DF38DC47FFF5}.Release|Any CPU.ActiveCfg = Release|Any CPU
		{7008678E-975D-4252-9AAD-DF38DC47FFF5}.Release|Any CPU.Build.0 = Release|Any CPU
		{68A192B6-58AC-4E03-9A71-9E0FDF397F20}.Debug|Any CPU.ActiveCfg = Debug|Any CPU
		{68A192B6-58AC-4E03-9A71-9E0FDF397F20}.Debug|Any CPU.Build.0 = Debug|Any CPU
		{68A192B6-58AC-4E03-9A71-9E0FDF397F20}.Release|Any CPU.ActiveCfg = Release|Any CPU
		{68A192B6-58AC-4E03-9A71-9E0FDF397F20}.Release|Any CPU.Build.0 = Release|Any CPU
	EndGlobalSection
	GlobalSection(SolutionProperties) = preSolution
		HideSolutionNode = FALSE
	EndGlobalSection
	GlobalSection(ExtensibilityGlobals) = postSolution
		SolutionGuid = {1B082400-7833-4A63-B4F2-CFEB1AF30702}
	EndGlobalSection
EndGlobal
